<?xml version="1.0" encoding="utf-8"?>
<Project ToolsVersion="4.0" xmlns="http://schemas.microsoft.com/developer/msbuild/2003">
  <ItemGroup>
    <None Include="packages.config" />
    <None Include="Assets\Shader\GLSL\Basic.frag">
      <Filter>Graphics\Device\OpenGL\Shader</Filter>
    </None>
    <None Include="Assets\Shader\GLSL\Basic.vert">
      <Filter>Graphics\Device\OpenGL\Shader</Filter>
    </None>
    <None Include="Assets\Shader\GLSL\Water_Basic.frag">
      <Filter>Graphics\Device\OpenGL\Shader</Filter>
    </None>
    <None Include="Assets\Shader\GLSL\Water_Basic.vert">
      <Filter>Graphics\Device\OpenGL\Shader</Filter>
    </None>
    <None Include="Assets\Shader\GLSL\FullScreenQuad.vert">
      <Filter>Graphics\Device\OpenGL\Shader</Filter>
    </None>
    <None Include="Assets\Shader\GLSL\DepthBased_ColorBlend_2.frag">
      <Filter>Graphics\Device\OpenGL\Shader</Filter>
    </None>
    <None Include="Assets\Shader\GLSL\AnimeStyle.vert">
      <Filter>Graphics\Device\OpenGL\Shader</Filter>
    </None>
    <None Include="Assets\Shader\GLSL\AnimeStyle.frag">
      <Filter>Graphics\Device\OpenGL\Shader</Filter>
    </None>
    <None Include="Assets\Shader\GLSL\Gaussian.frag">
      <Filter>Graphics\Device\OpenGL\Shader</Filter>
    </None>
    <None Include="Assets\Shader\GLSL\LineDrawing_Blend.frag">
      <Filter>Graphics\Device\OpenGL\Shader</Filter>
    </None>
    <None Include="Assets\Shader\GLSL\Basic_Transparent.frag">
      <Filter>Graphics\Device\OpenGL\Shader</Filter>
    </None>
    <None Include="Assets\Shader\GLSL\ShadowMap.frag">
      <Filter>Graphics\Device\OpenGL\Shader</Filter>
    </None>
    <None Include="Assets\Shader\GLSL\ShadowMap.vert">
      <Filter>Graphics\Device\OpenGL\Shader</Filter>
    </None>
    <None Include="Assets\Shader\GLSL\DepthOfField.frag">
      <Filter>Graphics\Device\OpenGL\Shader</Filter>
    </None>
    <None Include="Assets\Shader\SPIRV-Source\AnimeStyle.frag">
      <Filter>Graphics\Device\Vulkan\GLSL Source</Filter>
    </None>
    <None Include="Assets\Shader\SPIRV-Source\Basic.frag">
      <Filter>Graphics\Device\Vulkan\GLSL Source</Filter>
    </None>
    <None Include="Assets\Shader\SPIRV-Source\Basic_Transparent.frag">
      <Filter>Graphics\Device\Vulkan\GLSL Source</Filter>
    </None>
    <None Include="Assets\Shader\SPIRV-Source\DepthBased_ColorBlend_2.frag">
      <Filter>Graphics\Device\Vulkan\GLSL Source</Filter>
    </None>
    <None Include="Assets\Shader\SPIRV-Source\DepthOfField.frag">
      <Filter>Graphics\Device\Vulkan\GLSL Source</Filter>
    </None>
    <None Include="Assets\Shader\SPIRV-Source\Gaussian.frag">
      <Filter>Graphics\Device\Vulkan\GLSL Source</Filter>
    </None>
    <None Include="Assets\Shader\SPIRV-Source\LineDrawing_Blend.frag">
      <Filter>Graphics\Device\Vulkan\GLSL Source</Filter>
    </None>
    <None Include="Assets\Shader\SPIRV-Source\ShadowMap.frag">
      <Filter>Graphics\Device\Vulkan\GLSL Source</Filter>
    </None>
    <None Include="Assets\Shader\SPIRV-Source\Water_Basic.frag">
      <Filter>Graphics\Device\Vulkan\GLSL Source</Filter>
    </None>
    <None Include="Assets\Shader\SPIRV-Source\AnimeStyle.vert">
      <Filter>Graphics\Device\Vulkan\GLSL Source</Filter>
    </None>
    <None Include="Assets\Shader\SPIRV-Source\Basic.vert">
      <Filter>Graphics\Device\Vulkan\GLSL Source</Filter>
    </None>
    <None Include="Assets\Shader\SPIRV-Source\FullScreenQuad.vert">
      <Filter>Graphics\Device\Vulkan\GLSL Source</Filter>
    </None>
    <None Include="Assets\Shader\SPIRV-Source\ShadowMap.vert">
      <Filter>Graphics\Device\Vulkan\GLSL Source</Filter>
    </None>
    <None Include="Assets\Shader\SPIRV-Source\Water_Basic.vert">
      <Filter>Graphics\Device\Vulkan\GLSL Source</Filter>
    </None>
    <None Include="Assets\Shader\SPIRV-Source\Basic_Transparent.vert">
      <Filter>Graphics\Device\Vulkan\GLSL Source</Filter>
    </None>
    <None Include="Assets\Shader\GLSL\GBuffer.frag">
      <Filter>Graphics\Device\OpenGL\Shader</Filter>
    </None>
    <None Include="Assets\Shader\GLSL\GBuffer.vert">
      <Filter>Graphics\Device\OpenGL\Shader</Filter>
    </None>
    <None Include="Assets\Shader\SPIRV-Source\GBuffer.frag">
      <Filter>Graphics\Device\Vulkan\GLSL Source</Filter>
    </None>
    <None Include="Assets\Shader\SPIRV-Source\GBuffer.vert">
      <Filter>Graphics\Device\Vulkan\GLSL Source</Filter>
    </None>
    <None Include="Assets\Shader\GLSL\LineDrawing_Simplified.frag">
      <Filter>Graphics\Device\OpenGL\Shader</Filter>
    </None>
    <None Include="Assets\Shader\SPIRV-Source\LineDrawing_Simplified.frag">
      <Filter>Graphics\Device\Vulkan\GLSL Source</Filter>
    </None>
    <None Include="Assets\Shader\GLSL\Basic_Transparent.vert">
      <Filter>Graphics\Device\OpenGL\Shader</Filter>
    </None>
    <None Include="Assets\Shader\GLSL\LightDeferred.frag">
      <Filter>Graphics\Device\OpenGL\Shader</Filter>
    </None>
    <None Include="Assets\Shader\GLSL\LightDeferred.vert">
      <Filter>Graphics\Device\OpenGL\Shader</Filter>
    </None>
    <None Include="Assets\Shader\GLSL\LightDeferred_Directional.frag">
      <Filter>Graphics\Device\OpenGL\Shader</Filter>
    </None>
    <None Include="Assets\Shader\SPIRV-Source\LightDeferred.frag">
      <Filter>Graphics\Device\Vulkan\GLSL Source</Filter>
    </None>
    <None Include="Assets\Shader\SPIRV-Source\LightDeferred_Directional.frag">
      <Filter>Graphics\Device\Vulkan\GLSL Source</Filter>
    </None>
    <None Include="Assets\Shader\SPIRV-Source\LightDeferred.vert">
      <Filter>Graphics\Device\Vulkan\GLSL Source</Filter>
    </None>
  </ItemGroup>
  <ItemGroup>
    <Filter Include="Common">
      <UniqueIdentifier>{930d0b60-22c0-4a7f-9af9-efe92b883aa8}</UniqueIdentifier>
    </Filter>
    <Filter Include="Common\Application">
      <UniqueIdentifier>{29ae19a5-1397-470e-9358-4e1555afec19}</UniqueIdentifier>
    </Filter>
    <Filter Include="Common\Math">
      <UniqueIdentifier>{4fb64023-d742-4cb7-b22a-6a14cae3606d}</UniqueIdentifier>
    </Filter>
    <Filter Include="Component">
      <UniqueIdentifier>{8de75a69-fa6a-4445-a20a-38ba2038c5a5}</UniqueIdentifier>
    </Filter>
    <Filter Include="Component\Header">
      <UniqueIdentifier>{c1442a47-9c75-4e6c-88ee-272746ae5f26}</UniqueIdentifier>
    </Filter>
    <Filter Include="Component\Source">
      <UniqueIdentifier>{4593d16b-bf87-49b7-8b4b-e62493e7c5bc}</UniqueIdentifier>
    </Filter>
    <Filter Include="Entity">
      <UniqueIdentifier>{c8725d2a-231e-41cc-9145-abd7a07a4b00}</UniqueIdentifier>
    </Filter>
    <Filter Include="Graphics">
      <UniqueIdentifier>{7749655e-be3f-4de2-8080-3629f2e338aa}</UniqueIdentifier>
    </Filter>
    <Filter Include="Graphics\Device">
      <UniqueIdentifier>{df664d4d-a53d-4a37-b447-ce1178ed630e}</UniqueIdentifier>
    </Filter>
    <Filter Include="Graphics\Device\OpenGL">
      <UniqueIdentifier>{8c142bd4-2ac9-41d8-803e-49968c0492f9}</UniqueIdentifier>
    </Filter>
    <Filter Include="Graphics\Device\OpenGL\Shader">
      <UniqueIdentifier>{99e15d24-d3fe-402f-bccf-f281df5dc1cb}</UniqueIdentifier>
    </Filter>
    <Filter Include="Graphics\Device\Vulkan">
      <UniqueIdentifier>{58bf0e6d-2ebe-4977-8765-9d69248d1619}</UniqueIdentifier>
    </Filter>
    <Filter Include="Graphics\Resources">
      <UniqueIdentifier>{648dabd1-a67f-49fe-8df9-e8532d985fe7}</UniqueIdentifier>
    </Filter>
    <Filter Include="Graphics\Renderer">
      <UniqueIdentifier>{0d226e10-affb-4e94-8676-592a360233ea}</UniqueIdentifier>
    </Filter>
    <Filter Include="GUI">
      <UniqueIdentifier>{de5b50df-2fb4-46da-bb92-52764c5fe9b4}</UniqueIdentifier>
    </Filter>
    <Filter Include="System">
      <UniqueIdentifier>{e4090044-5a40-4837-8e79-e581b66996ca}</UniqueIdentifier>
    </Filter>
    <Filter Include="Third-party">
      <UniqueIdentifier>{8329b5d1-2666-4913-8fde-477e9f51b625}</UniqueIdentifier>
    </Filter>
    <Filter Include="Third-party\ImGui">
      <UniqueIdentifier>{6453977b-e77a-401c-b305-e37611907f09}</UniqueIdentifier>
    </Filter>
    <Filter Include="Third-party\GLAD">
      <UniqueIdentifier>{c4a84d85-f6e9-4a92-bbee-0b26eb036f47}</UniqueIdentifier>
    </Filter>
    <Filter Include="Graphics\Resources\Mesh">
      <UniqueIdentifier>{2b3a6956-b120-42a5-9533-e4121cb9ce8e}</UniqueIdentifier>
    </Filter>
    <Filter Include="Graphics\Resources\Texture">
      <UniqueIdentifier>{8f32716a-0ce1-4fdf-bc3e-11b6e512e881}</UniqueIdentifier>
    </Filter>
    <Filter Include="Graphics\RenderGraph">
      <UniqueIdentifier>{9ba1326b-3234-4ebb-b21a-290a6cf81622}</UniqueIdentifier>
    </Filter>
    <Filter Include="Script">
      <UniqueIdentifier>{26716332-c88f-43e3-b6f7-ac20d9fe4ee8}</UniqueIdentifier>
    </Filter>
    <Filter Include="IO">
      <UniqueIdentifier>{b37816ec-82c7-4d77-afc1-eba40cf00e26}</UniqueIdentifier>
    </Filter>
    <Filter Include="Graphics\Device\Vulkan\GLSL Source">
      <UniqueIdentifier>{bc30fc22-1f4d-4f3c-8732-e8ba981e3f4d}</UniqueIdentifier>
    </Filter>
    <Filter Include="Graphics\RenderGraph\Nodes">
      <UniqueIdentifier>{67e69f48-ee39-4634-937a-16353098cb4c}</UniqueIdentifier>
    </Filter>
    <Filter Include="Utilities">
      <UniqueIdentifier>{fb0dbe0e-0dfd-4ca5-ae7b-1367bdcfbb93}</UniqueIdentifier>
    </Filter>
    <Filter Include="Script\SampleScript">
      <UniqueIdentifier>{91e71137-025d-40d2-863d-4222e3b43a2e}</UniqueIdentifier>
    </Filter>
    <Filter Include="Graphics\Device\Vulkan\Header">
      <UniqueIdentifier>{62b539cf-ebd2-4e6b-989e-1df4395c212d}</UniqueIdentifier>
    </Filter>
    <Filter Include="Graphics\Device\Vulkan\Source">
      <UniqueIdentifier>{ffff8db1-8021-4fa6-9c6b-5ec45a914140}</UniqueIdentifier>
    </Filter>
    <Filter Include="Graphics\Device\OpenGL\Header">
      <UniqueIdentifier>{1e4804e1-0153-4a2c-9a5d-43685ba4c1d7}</UniqueIdentifier>
    </Filter>
    <Filter Include="Graphics\Device\OpenGL\Source">
      <UniqueIdentifier>{f0209827-4e91-4cae-9a6d-88fc1caff900}</UniqueIdentifier>
    </Filter>
    <Filter Include="System\Header">
      <UniqueIdentifier>{d721bdae-73ca-470a-bcb7-074f0d7b7e97}</UniqueIdentifier>
    </Filter>
    <Filter Include="System\Source">
      <UniqueIdentifier>{42283503-d73d-4ccc-afbb-0313193ea81d}</UniqueIdentifier>
    </Filter>
    <Filter Include="Graphics\RenderGraph\Nodes\Header">
      <UniqueIdentifier>{f70d5238-3281-4431-af78-77f8068f6291}</UniqueIdentifier>
    </Filter>
    <Filter Include="Graphics\RenderGraph\Nodes\Source">
      <UniqueIdentifier>{e34edae6-13cf-4700-8df7-b6bda79ba50a}</UniqueIdentifier>
    </Filter>
  </ItemGroup>
  <ItemGroup>
    <ClInclude Include="Common\Application\BaseApplication.h">
      <Filter>Common\Application</Filter>
    </ClInclude>
    <ClInclude Include="Common\Application\GraphicsApplication.h">
      <Filter>Common\Application</Filter>
    </ClInclude>
    <ClInclude Include="Common\Math\BasicMathTypes.h">
      <Filter>Common\Math</Filter>
    </ClInclude>
    <ClInclude Include="Common\Configuration.h">
      <Filter>Common</Filter>
    </ClInclude>
    <ClInclude Include="Common\ECSWorld.h">
      <Filter>Common</Filter>
    </ClInclude>
    <ClInclude Include="Common\Global.h">
      <Filter>Common</Filter>
    </ClInclude>
    <ClInclude Include="Common\SharedTypes.h">
      <Filter>Common</Filter>
    </ClInclude>
    <ClInclude Include="Component\AnimationComponent.h">
      <Filter>Component\Header</Filter>
    </ClInclude>
    <ClInclude Include="Component\CameraComponent.h">
      <Filter>Component\Header</Filter>
    </ClInclude>
    <ClInclude Include="Component\MaterialComponent.h">
      <Filter>Component\Header</Filter>
    </ClInclude>
    <ClInclude Include="Component\MeshFilterComponent.h">
      <Filter>Component\Header</Filter>
    </ClInclude>
    <ClInclude Include="Component\TransformComponent.h">
      <Filter>Component\Header</Filter>
    </ClInclude>
    <ClInclude Include="Entity\EntityProperties.h">
      <Filter>Entity</Filter>
    </ClInclude>
    <ClInclude Include="Graphics\Device\GraphicsDevice.h">
      <Filter>Graphics\Device</Filter>
    </ClInclude>
    <ClInclude Include="Graphics\Resources\BuiltInResourcesPath.h">
      <Filter>Graphics\Resources</Filter>
    </ClInclude>
    <ClInclude Include="Graphics\Resources\BuiltInShaderType.h">
      <Filter>Graphics\Resources</Filter>
    </ClInclude>
    <ClInclude Include="Graphics\Resources\GraphicsResources.h">
      <Filter>Graphics\Resources</Filter>
    </ClInclude>
    <ClInclude Include="Graphics\Renderer\BaseRenderer.h">
      <Filter>Graphics\Renderer</Filter>
    </ClInclude>
    <ClInclude Include="GUI\BaseWindow.h">
      <Filter>GUI</Filter>
    </ClInclude>
    <ClInclude Include="GUI\GLFWWindow.h">
      <Filter>GUI</Filter>
    </ClInclude>
    <ClInclude Include="Component\BaseComponent.h">
      <Filter>Component</Filter>
    </ClInclude>
    <ClInclude Include="GUI\ImGuiOverlay.h">
      <Filter>GUI</Filter>
    </ClInclude>
    <ClInclude Include="Third-party\ImGui\imconfig.h">
      <Filter>Third-party\ImGui</Filter>
    </ClInclude>
    <ClInclude Include="Third-party\ImGui\imgui.h">
      <Filter>Third-party\ImGui</Filter>
    </ClInclude>
    <ClInclude Include="Third-party\ImGui\imgui_internal.h">
      <Filter>Third-party\ImGui</Filter>
    </ClInclude>
    <ClInclude Include="Third-party\ImGui\imstb_rectpack.h">
      <Filter>Third-party\ImGui</Filter>
    </ClInclude>
    <ClInclude Include="Third-party\ImGui\imstb_textedit.h">
      <Filter>Third-party\ImGui</Filter>
    </ClInclude>
    <ClInclude Include="Third-party\ImGui\imstb_truetype.h">
      <Filter>Third-party\ImGui</Filter>
    </ClInclude>
    <ClInclude Include="Third-party\glad\glad.h">
      <Filter>Third-party\GLAD</Filter>
    </ClInclude>
    <ClInclude Include="Graphics\Resources\RenderTexture.h">
      <Filter>Graphics\Resources\Texture</Filter>
    </ClInclude>
    <ClInclude Include="Graphics\Resources\Mesh.h">
      <Filter>Graphics\Resources\Mesh</Filter>
    </ClInclude>
    <ClInclude Include="Graphics\Resources\Plane.h">
      <Filter>Graphics\Resources\Mesh</Filter>
    </ClInclude>
    <ClInclude Include="Graphics\Resources\ImageTexture.h">
      <Filter>Graphics\Resources\Texture</Filter>
    </ClInclude>
    <ClInclude Include="Graphics\RenderGraph\RenderGraph.h">
      <Filter>Graphics\RenderGraph</Filter>
    </ClInclude>
    <ClInclude Include="Component\AllComponents.h">
      <Filter>Component</Filter>
    </ClInclude>
    <ClInclude Include="Component\ScriptComponent.h">
      <Filter>Component\Header</Filter>
    </ClInclude>
    <ClInclude Include="IO\ECSSceneWriter.h">
      <Filter>IO</Filter>
    </ClInclude>
    <ClInclude Include="Script\ScriptIDList.h">
      <Filter>Script</Filter>
    </ClInclude>
    <ClInclude Include="IO\ECSSceneReader.h">
      <Filter>IO</Filter>
    </ClInclude>
    <ClInclude Include="IO\ResourceManager.h">
      <Filter>IO</Filter>
    </ClInclude>
    <ClInclude Include="Script\ScriptSelector.h">
      <Filter>Script</Filter>
    </ClInclude>
    <ClInclude Include="Graphics\Resources\ExternalMesh.h">
      <Filter>Graphics\Resources\Mesh</Filter>
    </ClInclude>
    <ClInclude Include="Graphics\Renderer\StandardRenderer.h">
      <Filter>Graphics\Renderer</Filter>
    </ClInclude>
    <ClInclude Include="Graphics\RenderGraph\AllRenderNodes.h">
      <Filter>Graphics\RenderGraph</Filter>
    </ClInclude>
    <ClInclude Include="Component\LightComponent.h">
      <Filter>Component\Header</Filter>
    </ClInclude>
    <ClInclude Include="Utilities\SafeBasicTypes.h">
      <Filter>Utilities</Filter>
    </ClInclude>
    <ClInclude Include="Utilities\SafeQueue.h">
      <Filter>Utilities</Filter>
    </ClInclude>
    <ClInclude Include="Utilities\SafeVector.h">
      <Filter>Utilities</Filter>
    </ClInclude>
    <ClInclude Include="Utilities\Timer.h">
      <Filter>Utilities</Filter>
    </ClInclude>
    <ClInclude Include="Third-party\imgui\imgui_impl_glfw.h">
      <Filter>Third-party\ImGui</Filter>
    </ClInclude>
    <ClInclude Include="Third-party\imgui\imgui_impl_opengl3.h">
      <Filter>Third-party\ImGui</Filter>
    </ClInclude>
    <ClInclude Include="Third-party\imgui\imgui_impl_opengl3_loader.h">
      <Filter>Third-party\ImGui</Filter>
    </ClInclude>
    <ClInclude Include="Script\BaseScript.h">
      <Filter>Script</Filter>
    </ClInclude>
    <ClInclude Include="Script\SampleScript\BunnyScript.h">
      <Filter>Script\SampleScript</Filter>
    </ClInclude>
    <ClInclude Include="Script\SampleScript\CameraScript.h">
      <Filter>Script\SampleScript</Filter>
    </ClInclude>
    <ClInclude Include="Script\SampleScript\CubeScript.h">
      <Filter>Script\SampleScript</Filter>
    </ClInclude>
    <ClInclude Include="Script\SampleScript\LightScript.h">
      <Filter>Script\SampleScript</Filter>
    </ClInclude>
    <ClInclude Include="Graphics\Device\Vulkan\Buffers_VK.h">
      <Filter>Graphics\Device\Vulkan\Header</Filter>
    </ClInclude>
    <ClInclude Include="Graphics\Device\Vulkan\CommandManager_VK.h">
      <Filter>Graphics\Device\Vulkan\Header</Filter>
    </ClInclude>
    <ClInclude Include="Graphics\Device\Vulkan\DescriptorAllocator_VK.h">
      <Filter>Graphics\Device\Vulkan\Header</Filter>
    </ClInclude>
    <ClInclude Include="Graphics\Device\Vulkan\ExtensionLoader_VK.h">
      <Filter>Graphics\Device\Vulkan\Header</Filter>
    </ClInclude>
    <ClInclude Include="Graphics\Device\Vulkan\GHIUtilities_VK.h">
      <Filter>Graphics\Device\Vulkan\Header</Filter>
    </ClInclude>
    <ClInclude Include="Graphics\Device\Vulkan\Pipelines_VK.h">
      <Filter>Graphics\Device\Vulkan\Header</Filter>
    </ClInclude>
    <ClInclude Include="Graphics\Device\Vulkan\Shaders_VK.h">
      <Filter>Graphics\Device\Vulkan\Header</Filter>
    </ClInclude>
    <ClInclude Include="Graphics\Device\Vulkan\Swapchain_VK.h">
      <Filter>Graphics\Device\Vulkan\Header</Filter>
    </ClInclude>
    <ClInclude Include="Graphics\Device\Vulkan\SyncObjectManager_VK.h">
      <Filter>Graphics\Device\Vulkan\Header</Filter>
    </ClInclude>
    <ClInclude Include="Graphics\Device\Vulkan\Textures_VK.h">
      <Filter>Graphics\Device\Vulkan\Header</Filter>
    </ClInclude>
    <ClInclude Include="Graphics\Device\Vulkan\UploadAllocator_VK.h">
      <Filter>Graphics\Device\Vulkan\Header</Filter>
    </ClInclude>
    <ClInclude Include="Graphics\Device\OpenGL\Buffers_GL.h">
      <Filter>Graphics\Device\OpenGL\Header</Filter>
    </ClInclude>
    <ClInclude Include="Graphics\Device\OpenGL\GHIUtilities_GL.h">
      <Filter>Graphics\Device\OpenGL\Header</Filter>
    </ClInclude>
    <ClInclude Include="Graphics\Device\OpenGL\Pipelines_GL.h">
      <Filter>Graphics\Device\OpenGL\Header</Filter>
    </ClInclude>
    <ClInclude Include="Graphics\Device\OpenGL\Shaders_GL.h">
      <Filter>Graphics\Device\OpenGL\Header</Filter>
    </ClInclude>
    <ClInclude Include="Graphics\Device\OpenGL\Textures_GL.h">
      <Filter>Graphics\Device\OpenGL\Header</Filter>
    </ClInclude>
    <ClInclude Include="Graphics\Device\OpenGL\GraphicsHardwareInterface_GL.h">
      <Filter>Graphics\Device\OpenGL</Filter>
    </ClInclude>
    <ClInclude Include="Graphics\Device\Vulkan\GraphicsHardwareInterface_VK.h">
      <Filter>Graphics\Device\Vulkan</Filter>
    </ClInclude>
    <ClInclude Include="System\AnimationSystem.h">
      <Filter>System\Header</Filter>
    </ClInclude>
    <ClInclude Include="System\EventSystem.h">
      <Filter>System\Header</Filter>
    </ClInclude>
    <ClInclude Include="System\InputSystem.h">
      <Filter>System\Header</Filter>
    </ClInclude>
    <ClInclude Include="System\RenderingSystem.h">
      <Filter>System\Header</Filter>
    </ClInclude>
    <ClInclude Include="System\ScriptSystem.h">
      <Filter>System\Header</Filter>
    </ClInclude>
    <ClInclude Include="System\BaseSystem.h">
      <Filter>System</Filter>
    </ClInclude>
    <ClInclude Include="Entity\BaseEntity.h">
      <Filter>Entity</Filter>
    </ClInclude>
    <ClInclude Include="Entity\StandardEntity.h">
      <Filter>Entity</Filter>
    </ClInclude>
    <ClInclude Include="Utilities\NoCopy.h">
      <Filter>Utilities</Filter>
    </ClInclude>
    <ClInclude Include="Utilities\LogUtility.h">
      <Filter>Utilities</Filter>
    </ClInclude>
    <ClInclude Include="Graphics\RenderGraph\Nodes\BlurRenderNode.h">
      <Filter>Graphics\RenderGraph\Nodes\Header</Filter>
    </ClInclude>
    <ClInclude Include="Graphics\RenderGraph\Nodes\DeferredLightingRenderNode.h">
      <Filter>Graphics\RenderGraph\Nodes\Header</Filter>
    </ClInclude>
    <ClInclude Include="Graphics\RenderGraph\Nodes\DepthOfFieldRenderNode.h">
      <Filter>Graphics\RenderGraph\Nodes\Header</Filter>
    </ClInclude>
    <ClInclude Include="Graphics\RenderGraph\Nodes\GBufferRenderNode.h">
      <Filter>Graphics\RenderGraph\Nodes\Header</Filter>
    </ClInclude>
    <ClInclude Include="Graphics\RenderGraph\Nodes\LineDrawingRenderNode.h">
      <Filter>Graphics\RenderGraph\Nodes\Header</Filter>
    </ClInclude>
    <ClInclude Include="Graphics\RenderGraph\Nodes\OpaqueContentRenderNode.h">
      <Filter>Graphics\RenderGraph\Nodes\Header</Filter>
    </ClInclude>
    <ClInclude Include="Graphics\RenderGraph\Nodes\ShadowMapRenderNode.h">
      <Filter>Graphics\RenderGraph\Nodes\Header</Filter>
    </ClInclude>
    <ClInclude Include="Graphics\RenderGraph\Nodes\TransparencyBlendRenderNode.h">
      <Filter>Graphics\RenderGraph\Nodes\Header</Filter>
    </ClInclude>
    <ClInclude Include="Graphics\RenderGraph\Nodes\TransparentContentRenderNode.h">
      <Filter>Graphics\RenderGraph\Nodes\Header</Filter>
    </ClInclude>
    <ClInclude Include="Graphics\Resources\CommandResources.h">
      <Filter>Graphics\Resources</Filter>
    </ClInclude>
    <ClInclude Include="Common\MemoryAllocator.h">
      <Filter>Common</Filter>
    </ClInclude>
  </ItemGroup>
  <ItemGroup>
    <ClCompile Include="Common\Application\BaseApplication.cpp">
      <Filter>Common\Application</Filter>
    </ClCompile>
    <ClCompile Include="Common\Application\GraphicsApplication.cpp">
      <Filter>Common\Application</Filter>
    </ClCompile>
    <ClCompile Include="Common\ECSWorld.cpp">
      <Filter>Common</Filter>
    </ClCompile>
    <ClCompile Include="Common\Global.cpp">
      <Filter>Common</Filter>
    </ClCompile>
    <ClCompile Include="Common\Main.cpp">
      <Filter>Common</Filter>
    </ClCompile>
    <ClCompile Include="Component\AnimationComponent.cpp">
      <Filter>Component\Source</Filter>
    </ClCompile>
    <ClCompile Include="Component\CameraComponent.cpp">
      <Filter>Component\Source</Filter>
    </ClCompile>
    <ClCompile Include="Component\MaterialComponent.cpp">
      <Filter>Component\Source</Filter>
    </ClCompile>
    <ClCompile Include="Component\MeshFilterComponent.cpp">
      <Filter>Component\Source</Filter>
    </ClCompile>
    <ClCompile Include="Component\TransformComponent.cpp">
      <Filter>Component\Source</Filter>
    </ClCompile>
    <ClCompile Include="Graphics\Device\GraphicsDevice.cpp">
      <Filter>Graphics\Device</Filter>
    </ClCompile>
    <ClCompile Include="Graphics\Resources\GraphicsResources.cpp">
      <Filter>Graphics\Resources</Filter>
    </ClCompile>
    <ClCompile Include="Graphics\Renderer\BaseRenderer.cpp">
      <Filter>Graphics\Renderer</Filter>
    </ClCompile>
    <ClCompile Include="GUI\BaseWindow.cpp">
      <Filter>GUI</Filter>
    </ClCompile>
    <ClCompile Include="GUI\GLFWWindow.cpp">
      <Filter>GUI</Filter>
    </ClCompile>
    <ClCompile Include="Component\BaseComponent.cpp">
      <Filter>Component</Filter>
    </ClCompile>
    <ClCompile Include="GUI\ImGuiOverlay.cpp">
      <Filter>GUI</Filter>
    </ClCompile>
    <ClCompile Include="Third-party\ImGui\imgui.cpp">
      <Filter>Third-party\ImGui</Filter>
    </ClCompile>
    <ClCompile Include="Third-party\ImGui\imgui_demo.cpp">
      <Filter>Third-party\ImGui</Filter>
    </ClCompile>
    <ClCompile Include="Third-party\ImGui\imgui_draw.cpp">
      <Filter>Third-party\ImGui</Filter>
    </ClCompile>
    <ClCompile Include="Third-party\ImGui\imgui_widgets.cpp">
      <Filter>Third-party\ImGui</Filter>
    </ClCompile>
    <ClCompile Include="Third-party\glad\glad.c">
      <Filter>Third-party\GLAD</Filter>
    </ClCompile>
    <ClCompile Include="Graphics\Resources\RenderTexture.cpp">
      <Filter>Graphics\Resources\Texture</Filter>
    </ClCompile>
    <ClCompile Include="Graphics\Resources\Mesh.cpp">
      <Filter>Graphics\Resources\Mesh</Filter>
    </ClCompile>
    <ClCompile Include="Graphics\Resources\Plane.cpp">
      <Filter>Graphics\Resources\Mesh</Filter>
    </ClCompile>
    <ClCompile Include="Graphics\Resources\ImageTexture.cpp">
      <Filter>Graphics\Resources\Texture</Filter>
    </ClCompile>
    <ClCompile Include="Graphics\RenderGraph\RenderGraph.cpp">
      <Filter>Graphics\RenderGraph</Filter>
    </ClCompile>
    <ClCompile Include="Component\ScriptComponent.cpp">
      <Filter>Component\Source</Filter>
    </ClCompile>
    <ClCompile Include="Graphics\Resources\ExternalMesh.cpp">
      <Filter>Graphics\Resources\Mesh</Filter>
    </ClCompile>
    <ClCompile Include="IO\ECSSceneReader.cpp">
      <Filter>IO</Filter>
    </ClCompile>
    <ClCompile Include="IO\ECSSceneWriter.cpp">
      <Filter>IO</Filter>
    </ClCompile>
    <ClCompile Include="Graphics\Renderer\StandardRenderer.cpp">
      <Filter>Graphics\Renderer</Filter>
    </ClCompile>
    <ClCompile Include="Component\LightComponent.cpp">
      <Filter>Component\Source</Filter>
    </ClCompile>
    <ClCompile Include="Utilities\SafeBasicTypes.cpp">
      <Filter>Utilities</Filter>
    </ClCompile>
    <ClCompile Include="Utilities\Timer.cpp">
      <Filter>Utilities</Filter>
    </ClCompile>
    <ClCompile Include="Third-party\imgui\imgui_impl_glfw.cpp">
      <Filter>Third-party\ImGui</Filter>
    </ClCompile>
    <ClCompile Include="Third-party\imgui\imgui_tables.cpp">
      <Filter>Third-party\ImGui</Filter>
    </ClCompile>
    <ClCompile Include="Third-party\imgui\imgui_impl_opengl3.cpp">
      <Filter>Third-party\ImGui</Filter>
    </ClCompile>
    <ClCompile Include="Script\BaseScript.cpp">
      <Filter>Script</Filter>
    </ClCompile>
    <ClCompile Include="Script\SampleScript\BunnyScript.cpp">
      <Filter>Script\SampleScript</Filter>
    </ClCompile>
    <ClCompile Include="Script\SampleScript\CameraScript.cpp">
      <Filter>Script\SampleScript</Filter>
    </ClCompile>
    <ClCompile Include="Script\SampleScript\CubeScript.cpp">
      <Filter>Script\SampleScript</Filter>
    </ClCompile>
    <ClCompile Include="Script\SampleScript\LightScript.cpp">
      <Filter>Script\SampleScript</Filter>
    </ClCompile>
    <ClCompile Include="Graphics\Device\Vulkan\Buffers_VK.cpp">
      <Filter>Graphics\Device\Vulkan\Source</Filter>
    </ClCompile>
    <ClCompile Include="Graphics\Device\Vulkan\CommandManager_VK.cpp">
      <Filter>Graphics\Device\Vulkan\Source</Filter>
    </ClCompile>
    <ClCompile Include="Graphics\Device\Vulkan\DescriptorAllocator_VK.cpp">
      <Filter>Graphics\Device\Vulkan\Source</Filter>
    </ClCompile>
    <ClCompile Include="Graphics\Device\Vulkan\ExtensionLoader_VK.cpp">
      <Filter>Graphics\Device\Vulkan\Source</Filter>
    </ClCompile>
    <ClCompile Include="Graphics\Device\Vulkan\Pipelines_VK.cpp">
      <Filter>Graphics\Device\Vulkan\Source</Filter>
    </ClCompile>
    <ClCompile Include="Graphics\Device\Vulkan\Shaders_VK.cpp">
      <Filter>Graphics\Device\Vulkan\Source</Filter>
    </ClCompile>
    <ClCompile Include="Graphics\Device\Vulkan\Swapchain_VK.cpp">
      <Filter>Graphics\Device\Vulkan\Source</Filter>
    </ClCompile>
    <ClCompile Include="Graphics\Device\Vulkan\SyncObjectManager_VK.cpp">
      <Filter>Graphics\Device\Vulkan\Source</Filter>
    </ClCompile>
    <ClCompile Include="Graphics\Device\Vulkan\Textures_VK.cpp">
      <Filter>Graphics\Device\Vulkan\Source</Filter>
    </ClCompile>
    <ClCompile Include="Graphics\Device\Vulkan\UploadAllocator_VK.cpp">
      <Filter>Graphics\Device\Vulkan\Source</Filter>
    </ClCompile>
    <ClCompile Include="Graphics\Device\OpenGL\Buffers_GL.cpp">
      <Filter>Graphics\Device\OpenGL\Source</Filter>
    </ClCompile>
    <ClCompile Include="Graphics\Device\OpenGL\Pipelines_GL.cpp">
      <Filter>Graphics\Device\OpenGL\Source</Filter>
    </ClCompile>
    <ClCompile Include="Graphics\Device\OpenGL\Shaders_GL.cpp">
      <Filter>Graphics\Device\OpenGL\Source</Filter>
    </ClCompile>
    <ClCompile Include="Graphics\Device\OpenGL\Textures_GL.cpp">
      <Filter>Graphics\Device\OpenGL\Source</Filter>
    </ClCompile>
    <ClCompile Include="Graphics\Device\OpenGL\GraphicsHardwareInterface_GL.cpp">
      <Filter>Graphics\Device\OpenGL</Filter>
    </ClCompile>
    <ClCompile Include="Graphics\Device\Vulkan\GraphicsHardwareInterface_VK.cpp">
      <Filter>Graphics\Device\Vulkan</Filter>
    </ClCompile>
    <ClCompile Include="System\AnimationSystem.cpp">
      <Filter>System\Source</Filter>
    </ClCompile>
    <ClCompile Include="System\EventSystem.cpp">
      <Filter>System\Source</Filter>
    </ClCompile>
    <ClCompile Include="System\InputSystem.cpp">
      <Filter>System\Source</Filter>
    </ClCompile>
    <ClCompile Include="System\RenderingSystem.cpp">
      <Filter>System\Source</Filter>
    </ClCompile>
    <ClCompile Include="System\ScriptSystem.cpp">
      <Filter>System\Source</Filter>
    </ClCompile>
    <ClCompile Include="System\BaseSystem.cpp">
      <Filter>System</Filter>
    </ClCompile>
    <ClCompile Include="Entity\StandardEntity.cpp">
      <Filter>Entity</Filter>
    </ClCompile>
    <ClCompile Include="Entity\BaseEntity.cpp">
      <Filter>Entity</Filter>
    </ClCompile>
    <ClCompile Include="Utilities\LogUtility.cpp">
      <Filter>Utilities</Filter>
    </ClCompile>
    <ClCompile Include="Graphics\RenderGraph\Nodes\BlurRenderNode.cpp">
      <Filter>Graphics\RenderGraph\Nodes\Source</Filter>
    </ClCompile>
    <ClCompile Include="Graphics\RenderGraph\Nodes\DeferredLightingRenderNode.cpp">
      <Filter>Graphics\RenderGraph\Nodes\Source</Filter>
    </ClCompile>
    <ClCompile Include="Graphics\RenderGraph\Nodes\DepthOfFieldRenderNode.cpp">
      <Filter>Graphics\RenderGraph\Nodes\Source</Filter>
    </ClCompile>
    <ClCompile Include="Graphics\RenderGraph\Nodes\GBufferRenderNode.cpp">
      <Filter>Graphics\RenderGraph\Nodes\Source</Filter>
    </ClCompile>
    <ClCompile Include="Graphics\RenderGraph\Nodes\LineDrawingRenderNode.cpp">
      <Filter>Graphics\RenderGraph\Nodes\Source</Filter>
    </ClCompile>
    <ClCompile Include="Graphics\RenderGraph\Nodes\OpaqueContentRenderNode.cpp">
      <Filter>Graphics\RenderGraph\Nodes\Source</Filter>
    </ClCompile>
    <ClCompile Include="Graphics\RenderGraph\Nodes\ShadowMapRenderNode.cpp">
      <Filter>Graphics\RenderGraph\Nodes\Source</Filter>
    </ClCompile>
    <ClCompile Include="Graphics\RenderGraph\Nodes\TransparencyBlendRenderNode.cpp">
      <Filter>Graphics\RenderGraph\Nodes\Source</Filter>
    </ClCompile>
    <ClCompile Include="Graphics\RenderGraph\Nodes\TransparentContentRenderNode.cpp">
      <Filter>Graphics\RenderGraph\Nodes\Source</Filter>
    </ClCompile>
    <ClCompile Include="Common\MemoryAllocator.cpp">
      <Filter>Common</Filter>
    </ClCompile>
  </ItemGroup>
</Project>